{
    "name": "rich-sort",
    "version": "1.0.0",
    "lockfileVersion": 1,
    "requires": true,
    "dependencies": {
        "ncp": {
            "version": "2.0.0",
            "resolved": "https://registry.npmjs.org/ncp/-/ncp-2.0.0.tgz",
            "integrity": "sha1-GVoh1sRuNh0vsSgbo4uR6d9727M=",
            "dev": true
        },
        "rich-sort": {
            "version": "1.0.3",
            "resolved": "https://registry.npmjs.org/rich-sort/-/rich-sort-1.0.0.tgz",
            "integrity": "sha512-bi3ZcOk3MEG8Dj4G/XOhiVWgrXK3HNyAPhsbHbkARWpFji3z8HY8Hnp4x/zhL4nRXe4k+S3zVSS0bnddBDmPZQ=="
        }
    }
}
